
Microsoft Visual Studio Solution File, Format Version 12.00
# Visual Studio Version 17
VisualStudioVersion = 17.6.33723.286
MinimumVisualStudioVersion = 10.0.40219.1
Project("{FAE04EC0-301F-11D3-BF4B-00C04F79EFBC}") = "MaiorPosicao", "MaiorPosicao\MaiorPosicao.csproj", "{A77306BE-1123-49ED-A763-83D0CD056B5C}"
EndProject
Global
	GlobalSection(SolutionConfigurationPlatforms) = preSolution
		Debug|Any CPU = Debug|Any CPU
		Release|Any CPU = Release|Any CPU
	EndGlobalSection
	GlobalSection(ProjectConfigurationPlatforms) = postSolution
		{A77306BE-1123-49ED-A763-83D0CD056B5C}.Debug|Any CPU.ActiveCfg = Debug|Any CPU
		{A77306BE-1123-49ED-A763-83D0CD056B5C}.Debug|Any CPU.Build.0 = Debug|Any CPU
		{A77306BE-1123-49ED-A763-83D0CD056B5C}.Release|Any CPU.ActiveCfg = Release|Any CPU
		{A77306BE-1123-49ED-A763-83D0CD056B5C}.Release|Any CPU.Build.0 = Release|Any CPU
	EndGlobalSection
	GlobalSection(SolutionProperties) = preSolution
		HideSolutionNode = FALSE
	EndGlobalSection
	GlobalSection(ExtensibilityGlobals) = postSolution
		SolutionGuid = {7FCE10EC-E813-49D7-ADFF-EEB0B7A6F153}
	EndGlobalSection
EndGlobal
